
Microsoft Visual Studio Solution File, Format Version 12.00
# Visual Studio Version 16
VisualStudioVersion = 16.0.30717.126
MinimumVisualStudioVersion = 10.0.40219.1
Project("{FAE04EC0-301F-11D3-BF4B-00C04F79EFBC}") = "Kutuphane", "Kutuphane.csproj", "{CD7710A1-619C-42F1-8D56-51D58A05D38D}"
EndProject
Global
	GlobalSection(SolutionConfigurationPlatforms) = preSolution
		Debug|Any CPU = Debug|Any CPU
		Release|Any CPU = Release|Any CPU
	EndGlobalSection
	GlobalSection(ProjectConfigurationPlatforms) = postSolution
		{CD7710A1-619C-42F1-8D56-51D58A05D38D}.Debug|Any CPU.ActiveCfg = Debug|Any CPU
		{CD7710A1-619C-42F1-8D56-51D58A05D38D}.Debug|Any CPU.Build.0 = Debug|Any CPU
		{CD7710A1-619C-42F1-8D56-51D58A05D38D}.Release|Any CPU.ActiveCfg = Release|Any CPU
		{CD7710A1-619C-42F1-8D56-51D58A05D38D}.Release|Any CPU.Build.0 = Release|Any CPU
	EndGlobalSection
	GlobalSection(SolutionProperties) = preSolution
		HideSolutionNode = FALSE
	EndGlobalSection
	GlobalSection(ExtensibilityGlobals) = postSolution
		SolutionGuid = {49CAE376-B646-45C8-A413-93D7FB637DAF}
	EndGlobalSection
EndGlobal
